<?xml version="1.0" encoding="utf-8"?>
<Project ToolsVersion="4.0" xmlns="http://schemas.microsoft.com/developer/msbuild/2003">
  <ItemGroup>
    <Filter Include="Source Files">
      <UniqueIdentifier>{4FC737F1-C7A5-4376-A066-2A32D752A2FF}</UniqueIdentifier>
      <Extensions>cpp;c;cc;cxx;def;odl;idl;hpj;bat;asm;asmx</Extensions>
    </Filter>
    <Filter Include="Header Files">
      <UniqueIdentifier>{93995380-89BD-4b04-88EB-625FBE52EBFB}</UniqueIdentifier>
      <Extensions>h;hh;hpp;hxx;hm;inl;inc;ipp;xsd</Extensions>
    </Filter>
    <Filter Include="Resource Files">
      <UniqueIdentifier>{67DA6AB6-F800-4c08-8B7A-83BB121AAD01}</UniqueIdentifier>
      <Extensions>rc;ico;cur;bmp;dlg;rc2;rct;bin;rgs;gif;jpg;jpeg;jpe;resx;tiff;tif;png;wav;mfcribbon-ms</Extensions>
    </Filter>
    <Filter Include="Source Files\scene">
      <UniqueIdentifier>{56a0bb17-5304-4cdf-bb84-536261b1c6fd}</UniqueIdentifier>
    </Filter>
    <Filter Include="Source Files\character">
      <UniqueIdentifier>{3bae80d1-5e8d-4e00-95ef-ada2d1e04830}</UniqueIdentifier>
    </Filter>
    <Filter Include="Source Files\character\draw">
      <UniqueIdentifier>{c4a0a904-b2fc-4a84-ae71-6d2f3835861c}</UniqueIdentifier>
    </Filter>
  </ItemGroup>
  <ItemGroup>
    <ClCompile Include="Main.cpp">
      <Filter>Source Files</Filter>
    </ClCompile>
  </ItemGroup>
  <ItemGroup>
    <ClInclude Include="keyInput.h">
      <Filter>Header Files</Filter>
    </ClInclude>
    <ClInclude Include="scene1.h">
      <Filter>Source Files\scene</Filter>
    </ClInclude>
    <ClInclude Include="scene1_animation.h">
      <Filter>Source Files\scene</Filter>
    </ClInclude>
    <ClInclude Include="scene2.h">
      <Filter>Source Files\scene</Filter>
    </ClInclude>
    <ClInclude Include="scene2_animation.h">
      <Filter>Source Files\scene</Filter>
    </ClInclude>
    <ClInclude Include="scene3.h">
      <Filter>Source Files\scene</Filter>
    </ClInclude>
    <ClInclude Include="scene3_animation.h">
      <Filter>Source Files\scene</Filter>
    </ClInclude>
    <ClInclude Include="scene4.h">
      <Filter>Source Files\scene</Filter>
    </ClInclude>
    <ClInclude Include="scene4_animation.h">
      <Filter>Source Files\scene</Filter>
    </ClInclude>
    <ClInclude Include="Z_ending.h">
      <Filter>Source Files\scene</Filter>
    </ClInclude>
    <ClInclude Include="Z_ending_animation.h">
      <Filter>Source Files\scene</Filter>
    </ClInclude>
    <ClInclude Include="teacher.h">
      <Filter>Source Files\character</Filter>
    </ClInclude>
    <ClInclude Include="student.h">
      <Filter>Source Files\character</Filter>
    </ClInclude>
    <ClInclude Include="circle.h">
      <Filter>Source Files\character\draw</Filter>
    </ClInclude>
    <ClInclude Include="ellipse.h">
      <Filter>Source Files\character\draw</Filter>
    </ClInclude>
    <ClInclude Include="A_intro.h">
      <Filter>Source Files\scene</Filter>
    </ClInclude>
    <ClInclude Include="A_intro_animation.h">
      <Filter>Source Files\scene</Filter>
    </ClInclude>
    <ClInclude Include="mainDeclare.h">
      <Filter>Source Files</Filter>
    </ClInclude>
    <ClInclude Include="mainCounter.h">
      <Filter>Source Files</Filter>
    </ClInclude>
  </ItemGroup>
</Project>